
Microsoft Visual Studio Solution File, Format Version 12.00
# Visual Studio Version 16
VisualStudioVersion = 16.0.29102.190
MinimumVisualStudioVersion = 10.0.40219.1
Project("{9A19103F-16F7-4668-BE54-9A1E7A4F7556}") = "SOLID", "SOLID.csproj", "{96E81D72-F368-405D-A093-6C4C1CE4AFE7}"
EndProject
Global
	GlobalSection(SolutionConfigurationPlatforms) = preSolution
		Debug|Any CPU = Debug|Any CPU
		Release|Any CPU = Release|Any CPU
	EndGlobalSection
	GlobalSection(ProjectConfigurationPlatforms) = postSolution
		{96E81D72-F368-405D-A093-6C4C1CE4AFE7}.Debug|Any CPU.ActiveCfg = Debug|Any CPU
		{96E81D72-F368-405D-A093-6C4C1CE4AFE7}.Debug|Any CPU.Build.0 = Debug|Any CPU
		{96E81D72-F368-405D-A093-6C4C1CE4AFE7}.Release|Any CPU.ActiveCfg = Release|Any CPU
		{96E81D72-F368-405D-A093-6C4C1CE4AFE7}.Release|Any CPU.Build.0 = Release|Any CPU
	EndGlobalSection
	GlobalSection(SolutionProperties) = preSolution
		HideSolutionNode = FALSE
	EndGlobalSection
	GlobalSection(ExtensibilityGlobals) = postSolution
		SolutionGuid = {E9C730D7-D871-4419-B37C-0CA796F78CA7}
	EndGlobalSection
EndGlobal
